
Microsoft Visual Studio Solution File, Format Version 12.00
# Visual Studio Version 16
VisualStudioVersion = 16.0.31515.178
MinimumVisualStudioVersion = 10.0.40219.1
Project("{FAE04EC0-301F-11D3-BF4B-00C04F79EFBC}") = "Whisper", "Whisper\Whisper.csproj", "{F5232BE6-8094-40AA-9202-2AED9236CFE4}"
EndProject
Global
	GlobalSection(SolutionConfigurationPlatforms) = preSolution
		Debug|Any CPU = Debug|Any CPU
		Release|Any CPU = Release|Any CPU
	EndGlobalSection
	GlobalSection(ProjectConfigurationPlatforms) = postSolution
		{F5232BE6-8094-40AA-9202-2AED9236CFE4}.Debug|Any CPU.ActiveCfg = Debug|Any CPU
		{F5232BE6-8094-40AA-9202-2AED9236CFE4}.Debug|Any CPU.Build.0 = Debug|Any CPU
		{F5232BE6-8094-40AA-9202-2AED9236CFE4}.Release|Any CPU.ActiveCfg = Release|Any CPU
		{F5232BE6-8094-40AA-9202-2AED9236CFE4}.Release|Any CPU.Build.0 = Release|Any CPU
	EndGlobalSection
	GlobalSection(SolutionProperties) = preSolution
		HideSolutionNode = FALSE
	EndGlobalSection
	GlobalSection(ExtensibilityGlobals) = postSolution
		SolutionGuid = {DE87A073-FDE5-414D-AB43-CCCBE0C69ED4}
	EndGlobalSection
EndGlobal
